
Microsoft Visual Studio Solution File, Format Version 12.00
# Visual Studio Version 17
VisualStudioVersion = 17.2.32616.157
MinimumVisualStudioVersion = 10.0.40219.1
Project("{9A19103F-16F7-4668-BE54-9A1E7A4F7556}") = "Prog-2", "Prog-2.csproj", "{AF61FA19-A890-403B-87B9-0438A3E81270}"
EndProject
Project("{9A19103F-16F7-4668-BE54-9A1E7A4F7556}") = "Prog-3", "..\Prog-3\Prog-3.csproj", "{851FB671-99D2-4BFB-82F9-B5CC2A3F93AB}"
EndProject
Project("{9A19103F-16F7-4668-BE54-9A1E7A4F7556}") = "Prog-4", "..\Prog-4\Prog-4.csproj", "{94387D56-7C00-4C7C-9AC6-DE0AF086B05E}"
EndProject
Project("{9A19103F-16F7-4668-BE54-9A1E7A4F7556}") = "Prog-5", "..\Prog-5\Prog-5.csproj", "{E4ADF082-EC58-4C22-94C1-7E19A3777310}"
EndProject
Project("{9A19103F-16F7-4668-BE54-9A1E7A4F7556}") = "Prog-6", "..\Prog-6\Prog-6.csproj", "{CF73738E-2025-418B-A35E-8C6E27178779}"
EndProject
Project("{9A19103F-16F7-4668-BE54-9A1E7A4F7556}") = "Prog-7", "..\Prog-7\Prog-7.csproj", "{BB298F6A-A4DD-42A2-9313-935CC1810F32}"
EndProject
Project("{9A19103F-16F7-4668-BE54-9A1E7A4F7556}") = "Prog-8", "..\Prog-8\Prog-8.csproj", "{ABB8165E-D5C3-4E50-B628-9023C69467ED}"
EndProject
Project("{9A19103F-16F7-4668-BE54-9A1E7A4F7556}") = "Prog-1", "..\Prog-1\Prog-1.csproj", "{DE662D30-0687-4356-A4AE-7DB20BFB7E93}"
EndProject
Project("{9A19103F-16F7-4668-BE54-9A1E7A4F7556}") = "Prog-9", "..\Prog-9\Prog-9.csproj", "{E1E0C234-2ABE-4B43-909A-608D84C851E3}"
EndProject
Project("{9A19103F-16F7-4668-BE54-9A1E7A4F7556}") = "Prog-10", "..\Prog-10\Prog-10.csproj", "{E8A2C22B-89AF-4DA7-AE66-CB8FF0F383EA}"
EndProject
Project("{9A19103F-16F7-4668-BE54-9A1E7A4F7556}") = "Prog-11", "..\Prog-11\Prog-11.csproj", "{AEAC6020-5698-445E-9D8B-59C8C0EA61E5}"
EndProject
Project("{FAE04EC0-301F-11D3-BF4B-00C04F79EFBC}") = "Prog-12", "..\Prog-12\Prog-12.csproj", "{BA9B4E4C-CF12-447B-9387-51E54BED6E67}"
EndProject
Project("{FAE04EC0-301F-11D3-BF4B-00C04F79EFBC}") = "Prog-13", "..\Prog-13\Prog-13.csproj", "{146DDF21-507A-4690-8C36-035354938360}"
EndProject
Project("{FAE04EC0-301F-11D3-BF4B-00C04F79EFBC}") = "Prog-14", "..\Prog-14\Prog-14.csproj", "{FE7DA2DC-EB1C-4F09-BDE0-0099D370E7B4}"
EndProject
Project("{FAE04EC0-301F-11D3-BF4B-00C04F79EFBC}") = "Prog-15", "..\Prog-15\Prog-15.csproj", "{2CD78C08-B032-4021-81E7-4C2DBF91DC06}"
EndProject
Project("{FAE04EC0-301F-11D3-BF4B-00C04F79EFBC}") = "Prog-16", "..\Prog-16\Prog-16.csproj", "{1F90D688-CF5C-459B-A02D-225B2924EBAF}"
EndProject
Global
	GlobalSection(SolutionConfigurationPlatforms) = preSolution
		Debug|Any CPU = Debug|Any CPU
		Release|Any CPU = Release|Any CPU
	EndGlobalSection
	GlobalSection(ProjectConfigurationPlatforms) = postSolution
		{AF61FA19-A890-403B-87B9-0438A3E81270}.Debug|Any CPU.ActiveCfg = Debug|Any CPU
		{AF61FA19-A890-403B-87B9-0438A3E81270}.Debug|Any CPU.Build.0 = Debug|Any CPU
		{AF61FA19-A890-403B-87B9-0438A3E81270}.Release|Any CPU.ActiveCfg = Release|Any CPU
		{AF61FA19-A890-403B-87B9-0438A3E81270}.Release|Any CPU.Build.0 = Release|Any CPU
		{851FB671-99D2-4BFB-82F9-B5CC2A3F93AB}.Debug|Any CPU.ActiveCfg = Debug|Any CPU
		{851FB671-99D2-4BFB-82F9-B5CC2A3F93AB}.Debug|Any CPU.Build.0 = Debug|Any CPU
		{851FB671-99D2-4BFB-82F9-B5CC2A3F93AB}.Release|Any CPU.ActiveCfg = Release|Any CPU
		{851FB671-99D2-4BFB-82F9-B5CC2A3F93AB}.Release|Any CPU.Build.0 = Release|Any CPU
		{94387D56-7C00-4C7C-9AC6-DE0AF086B05E}.Debug|Any CPU.ActiveCfg = Debug|Any CPU
		{94387D56-7C00-4C7C-9AC6-DE0AF086B05E}.Debug|Any CPU.Build.0 = Debug|Any CPU
		{94387D56-7C00-4C7C-9AC6-DE0AF086B05E}.Release|Any CPU.ActiveCfg = Release|Any CPU
		{94387D56-7C00-4C7C-9AC6-DE0AF086B05E}.Release|Any CPU.Build.0 = Release|Any CPU
		{E4ADF082-EC58-4C22-94C1-7E19A3777310}.Debug|Any CPU.ActiveCfg = Debug|Any CPU
		{E4ADF082-EC58-4C22-94C1-7E19A3777310}.Debug|Any CPU.Build.0 = Debug|Any CPU
		{E4ADF082-EC58-4C22-94C1-7E19A3777310}.Release|Any CPU.ActiveCfg = Release|Any CPU
		{E4ADF082-EC58-4C22-94C1-7E19A3777310}.Release|Any CPU.Build.0 = Release|Any CPU
		{CF73738E-2025-418B-A35E-8C6E27178779}.Debug|Any CPU.ActiveCfg = Debug|Any CPU
		{CF73738E-2025-418B-A35E-8C6E27178779}.Debug|Any CPU.Build.0 = Debug|Any CPU
		{CF73738E-2025-418B-A35E-8C6E27178779}.Release|Any CPU.ActiveCfg = Release|Any CPU
		{CF73738E-2025-418B-A35E-8C6E27178779}.Release|Any CPU.Build.0 = Release|Any CPU
		{BB298F6A-A4DD-42A2-9313-935CC1810F32}.Debug|Any CPU.ActiveCfg = Debug|Any CPU
		{BB298F6A-A4DD-42A2-9313-935CC1810F32}.Debug|Any CPU.Build.0 = Debug|Any CPU
		{BB298F6A-A4DD-42A2-9313-935CC1810F32}.Release|Any CPU.ActiveCfg = Release|Any CPU
		{BB298F6A-A4DD-42A2-9313-935CC1810F32}.Release|Any CPU.Build.0 = Release|Any CPU
		{ABB8165E-D5C3-4E50-B628-9023C69467ED}.Debug|Any CPU.ActiveCfg = Debug|Any CPU
		{ABB8165E-D5C3-4E50-B628-9023C69467ED}.Debug|Any CPU.Build.0 = Debug|Any CPU
		{ABB8165E-D5C3-4E50-B628-9023C69467ED}.Release|Any CPU.ActiveCfg = Release|Any CPU
		{ABB8165E-D5C3-4E50-B628-9023C69467ED}.Release|Any CPU.Build.0 = Release|Any CPU
		{DE662D30-0687-4356-A4AE-7DB20BFB7E93}.Debug|Any CPU.ActiveCfg = Debug|Any CPU
		{DE662D30-0687-4356-A4AE-7DB20BFB7E93}.Debug|Any CPU.Build.0 = Debug|Any CPU
		{DE662D30-0687-4356-A4AE-7DB20BFB7E93}.Release|Any CPU.ActiveCfg = Release|Any CPU
		{DE662D30-0687-4356-A4AE-7DB20BFB7E93}.Release|Any CPU.Build.0 = Release|Any CPU
		{E1E0C234-2ABE-4B43-909A-608D84C851E3}.Debug|Any CPU.ActiveCfg = Debug|Any CPU
		{E1E0C234-2ABE-4B43-909A-608D84C851E3}.Debug|Any CPU.Build.0 = Debug|Any CPU
		{E1E0C234-2ABE-4B43-909A-608D84C851E3}.Release|Any CPU.ActiveCfg = Release|Any CPU
		{E1E0C234-2ABE-4B43-909A-608D84C851E3}.Release|Any CPU.Build.0 = Release|Any CPU
		{E8A2C22B-89AF-4DA7-AE66-CB8FF0F383EA}.Debug|Any CPU.ActiveCfg = Debug|Any CPU
		{E8A2C22B-89AF-4DA7-AE66-CB8FF0F383EA}.Debug|Any CPU.Build.0 = Debug|Any CPU
		{E8A2C22B-89AF-4DA7-AE66-CB8FF0F383EA}.Release|Any CPU.ActiveCfg = Release|Any CPU
		{E8A2C22B-89AF-4DA7-AE66-CB8FF0F383EA}.Release|Any CPU.Build.0 = Release|Any CPU
		{AEAC6020-5698-445E-9D8B-59C8C0EA61E5}.Debug|Any CPU.ActiveCfg = Debug|Any CPU
		{AEAC6020-5698-445E-9D8B-59C8C0EA61E5}.Debug|Any CPU.Build.0 = Debug|Any CPU
		{AEAC6020-5698-445E-9D8B-59C8C0EA61E5}.Release|Any CPU.ActiveCfg = Release|Any CPU
		{AEAC6020-5698-445E-9D8B-59C8C0EA61E5}.Release|Any CPU.Build.0 = Release|Any CPU
		{BA9B4E4C-CF12-447B-9387-51E54BED6E67}.Debug|Any CPU.ActiveCfg = Debug|Any CPU
		{BA9B4E4C-CF12-447B-9387-51E54BED6E67}.Debug|Any CPU.Build.0 = Debug|Any CPU
		{BA9B4E4C-CF12-447B-9387-51E54BED6E67}.Release|Any CPU.ActiveCfg = Release|Any CPU
		{BA9B4E4C-CF12-447B-9387-51E54BED6E67}.Release|Any CPU.Build.0 = Release|Any CPU
		{146DDF21-507A-4690-8C36-035354938360}.Debug|Any CPU.ActiveCfg = Debug|Any CPU
		{146DDF21-507A-4690-8C36-035354938360}.Debug|Any CPU.Build.0 = Debug|Any CPU
		{146DDF21-507A-4690-8C36-035354938360}.Release|Any CPU.ActiveCfg = Release|Any CPU
		{146DDF21-507A-4690-8C36-035354938360}.Release|Any CPU.Build.0 = Release|Any CPU
		{FE7DA2DC-EB1C-4F09-BDE0-0099D370E7B4}.Debug|Any CPU.ActiveCfg = Debug|Any CPU
		{FE7DA2DC-EB1C-4F09-BDE0-0099D370E7B4}.Debug|Any CPU.Build.0 = Debug|Any CPU
		{FE7DA2DC-EB1C-4F09-BDE0-0099D370E7B4}.Release|Any CPU.ActiveCfg = Release|Any CPU
		{FE7DA2DC-EB1C-4F09-BDE0-0099D370E7B4}.Release|Any CPU.Build.0 = Release|Any CPU
		{2CD78C08-B032-4021-81E7-4C2DBF91DC06}.Debug|Any CPU.ActiveCfg = Debug|Any CPU
		{2CD78C08-B032-4021-81E7-4C2DBF91DC06}.Debug|Any CPU.Build.0 = Debug|Any CPU
		{2CD78C08-B032-4021-81E7-4C2DBF91DC06}.Release|Any CPU.ActiveCfg = Release|Any CPU
		{2CD78C08-B032-4021-81E7-4C2DBF91DC06}.Release|Any CPU.Build.0 = Release|Any CPU
		{1F90D688-CF5C-459B-A02D-225B2924EBAF}.Debug|Any CPU.ActiveCfg = Debug|Any CPU
		{1F90D688-CF5C-459B-A02D-225B2924EBAF}.Debug|Any CPU.Build.0 = Debug|Any CPU
		{1F90D688-CF5C-459B-A02D-225B2924EBAF}.Release|Any CPU.ActiveCfg = Release|Any CPU
		{1F90D688-CF5C-459B-A02D-225B2924EBAF}.Release|Any CPU.Build.0 = Release|Any CPU
	EndGlobalSection
	GlobalSection(SolutionProperties) = preSolution
		HideSolutionNode = FALSE
	EndGlobalSection
	GlobalSection(ExtensibilityGlobals) = postSolution
		SolutionGuid = {10D8FAF2-52EA-4856-9336-864A0C4F5A20}
	EndGlobalSection
EndGlobal
